
Microsoft Visual Studio Solution File, Format Version 12.00
# Visual Studio Version 17
VisualStudioVersion = 17.10.35122.118
MinimumVisualStudioVersion = 10.0.40219.1
Project("{FAE04EC0-301F-11D3-BF4B-00C04F79EFBC}") = "Exo_MVC1", "Exo_MVC1\Exo_MVC1.csproj", "{BAC885F9-A345-41E1-8E89-AC2E51E1B1C2}"
EndProject
Global
	GlobalSection(SolutionConfigurationPlatforms) = preSolution
		Debug|Any CPU = Debug|Any CPU
		Release|Any CPU = Release|Any CPU
	EndGlobalSection
	GlobalSection(ProjectConfigurationPlatforms) = postSolution
		{BAC885F9-A345-41E1-8E89-AC2E51E1B1C2}.Debug|Any CPU.ActiveCfg = Debug|Any CPU
		{BAC885F9-A345-41E1-8E89-AC2E51E1B1C2}.Debug|Any CPU.Build.0 = Debug|Any CPU
		{BAC885F9-A345-41E1-8E89-AC2E51E1B1C2}.Release|Any CPU.ActiveCfg = Release|Any CPU
		{BAC885F9-A345-41E1-8E89-AC2E51E1B1C2}.Release|Any CPU.Build.0 = Release|Any CPU
	EndGlobalSection
	GlobalSection(SolutionProperties) = preSolution
		HideSolutionNode = FALSE
	EndGlobalSection
	GlobalSection(ExtensibilityGlobals) = postSolution
		SolutionGuid = {B44C8F63-89DA-4AC3-A8E7-4017AADD1144}
	EndGlobalSection
EndGlobal
